PODS:
  - DACircularProgress (2.3.1)
  - LGPlaceholderView (1.0.2)
  - LGRefreshView (1.0.3):
    - DACircularProgress (~> 2.3.0)
  - LGViewControllers (1.0.0):
    - LGPlaceholderView (~> 1.0.0)
    - LGRefreshView (~> 1.0.0)

DEPENDENCIES:
  - LGViewControllers (from `../`)

EXTERNAL SOURCES:
  LGViewControllers:
    :path: ../

SPEC CHECKSUMS:
  DACircularProgress: 4dd437c0fc3da5161cb289e07ac449493d41db71
  LGPlaceholderView: 37ae1eaca38ace1418ae74e4d9db8fa5738367a2
  LGRefreshView: 2f3059fcb41abe8a3e032b8f5ea8b9b345869a64
  LGViewControllers: 7c46dc5105d1872105a787db00900a439793448d

COCOAPODS: 0.39.0
